
Microsoft Visual Studio Solution File, Format Version 11.00
# Visual C++ Express 2010
Project("{8BC9CEB8-8B4A-11D0-8D11-00A0C91BC942}") = "trade_terminal", "trade_terminal.vcxproj", "{EB7104C5-E6EC-4995-9EED-24E7503C4A26}"
EndProject
Global
	GlobalSection(SolutionConfigurationPlatforms) = preSolution
		Debug|Win32 = Debug|Win32
		DebugViaProxy|Win32 = DebugViaProxy|Win32
		Release|Win32 = Release|Win32
	EndGlobalSection
	GlobalSection(ProjectConfigurationPlatforms) = postSolution
		{EB7104C5-E6EC-4995-9EED-24E7503C4A26}.Debug|Win32.ActiveCfg = Debug|Win32
		{EB7104C5-E6EC-4995-9EED-24E7503C4A26}.Debug|Win32.Build.0 = Debug|Win32
		{EB7104C5-E6EC-4995-9EED-24E7503C4A26}.DebugViaProxy|Win32.ActiveCfg = DebugViaProxy|Win32
		{EB7104C5-E6EC-4995-9EED-24E7503C4A26}.DebugViaProxy|Win32.Build.0 = DebugViaProxy|Win32
		{EB7104C5-E6EC-4995-9EED-24E7503C4A26}.Release|Win32.ActiveCfg = Release|Win32
		{EB7104C5-E6EC-4995-9EED-24E7503C4A26}.Release|Win32.Build.0 = Release|Win32
	EndGlobalSection
	GlobalSection(SolutionProperties) = preSolution
		HideSolutionNode = FALSE
	EndGlobalSection
EndGlobal
